
Microsoft Visual Studio Solution File, Format Version 12.00
# Visual Studio 14
VisualStudioVersion = 14.0.25123.0
MinimumVisualStudioVersion = 10.0.40219.1
Project("{FAE04EC0-301F-11D3-BF4B-00C04F79EFBC}") = "cs-statistics", "cs-statistics\cs-statistics.csproj", "{B08EC59B-4651-46C2-9384-B605D2484EC0}"
EndProject
Project("{FAE04EC0-301F-11D3-BF4B-00C04F79EFBC}") = "cs-statistics-samples", "cs-statistics-samples\cs-statistics-samples.csproj", "{1CAF946F-AD77-43E4-8A25-7B03CB96A2B8}"
EndProject
Global
	GlobalSection(SolutionConfigurationPlatforms) = preSolution
		Debug|Any CPU = Debug|Any CPU
		Release|Any CPU = Release|Any CPU
	EndGlobalSection
	GlobalSection(ProjectConfigurationPlatforms) = postSolution
		{B08EC59B-4651-46C2-9384-B605D2484EC0}.Debug|Any CPU.ActiveCfg = Debug|Any CPU
		{B08EC59B-4651-46C2-9384-B605D2484EC0}.Debug|Any CPU.Build.0 = Debug|Any CPU
		{B08EC59B-4651-46C2-9384-B605D2484EC0}.Release|Any CPU.ActiveCfg = Release|Any CPU
		{B08EC59B-4651-46C2-9384-B605D2484EC0}.Release|Any CPU.Build.0 = Release|Any CPU
		{1CAF946F-AD77-43E4-8A25-7B03CB96A2B8}.Debug|Any CPU.ActiveCfg = Debug|Any CPU
		{1CAF946F-AD77-43E4-8A25-7B03CB96A2B8}.Debug|Any CPU.Build.0 = Debug|Any CPU
		{1CAF946F-AD77-43E4-8A25-7B03CB96A2B8}.Release|Any CPU.ActiveCfg = Release|Any CPU
		{1CAF946F-AD77-43E4-8A25-7B03CB96A2B8}.Release|Any CPU.Build.0 = Release|Any CPU
	EndGlobalSection
	GlobalSection(SolutionProperties) = preSolution
		HideSolutionNode = FALSE
	EndGlobalSection
EndGlobal
